// !$*UTF8*$!
{
	archiveVersion = 1;
	classes = {
	};
	objectVersion = 46;
	objects = {

/* Begin PBXBuildFile section */
		788535A01AF0750A00DE396A /* main.m in Sources */ = {isa = PBXBuildFile; fileRef = 7885359F1AF0750A00DE396A /* main.m */; };
		788535A31AF0750A00DE396A /* AppDelegate.m in Sources */ = {isa = PBXBuildFile; fileRef = 788535A21AF0750A00DE396A /* AppDelegate.m */; };
		788535A61AF0750A00DE396A /* ViewController.m in Sources */ = {isa = PBXBuildFile; fileRef = 788535A51AF0750A00DE396A /* ViewController.m */; };
		788535A91AF0750A00DE396A /* Main.storyboard in Resources */ = {isa = PBXBuildFile; fileRef = 788535A71AF0750A00DE396A /* Main.storyboard */; };
		788535AB1AF0750A00DE396A /* Images.xcassets in Resources */ = {isa = PBXBuildFile; fileRef = 788535AA1AF0750A00DE396A /* Images.xcassets */; };
		788535AE1AF0750A00DE396A /* LaunchScreen.xib in Resources */ = {isa = PBXBuildFile; fileRef = 788535AC1AF0750A00DE396A /* LaunchScreen.xib */; };
		788535BA1AF0750A00DE396A /* EWLabelTests.m in Sources */ = {isa = PBXBuildFile; fileRef = 788535B91AF0750A00DE396A /* EWLabelTests.m */; };
		788535C51AF0752D00DE396A /* EWLabel.m in Sources */ = {isa = PBXBuildFile; fileRef = 788535C41AF0752D00DE396A /* EWLabel.m */; };
/* End PBXBuildFile section */

/* Begin PBXContainerItemProxy section */
		788535B41AF0750A00DE396A /* PBXContainerItemProxy */ = {
			isa = PBXContainerItemProxy;
			containerPortal = 788535921AF0750A00DE396A /* Project object */;
			proxyType = 1;
			remoteGlobalIDString = 788535991AF0750A00DE396A;
			remoteInfo = EWLabel;
		};
/* End PBXContainerItemProxy section */

/* Begin PBXFileReference section */
		7885359A1AF0750A00DE396A /* EWLabel.app */ = {isa = PBXFileReference; explicitFileType = wrapper.application; includeInIndex = 0; path = EWLabel.app; sourceTree = BUILT_PRODUCTS_DIR; };
		7885359E1AF0750A00DE396A /* Info.plist */ = {isa = PBXFileReference; lastKnownFileType = text.plist.xml; path = Info.plist; sourceTree = "<group>"; };
		7885359F1AF0750A00DE396A /* main.m */ = {isa = PBXFileReference; lastKnownFileType = sourcecode.c.objc; path = main.m; sourceTree = "<group>"; };
		788535A11AF0750A00DE396A /* AppDelegate.h */ = {isa = PBXFileReference; lastKnownFileType = sourcecode.c.h; path = AppDelegate.h; sourceTree = "<group>"; };
		788535A21AF0750A00DE396A /* AppDelegate.m */ = {isa = PBXFileReference; lastKnownFileType = sourcecode.c.objc; path = AppDelegate.m; sourceTree = "<group>"; };
		788535A41AF0750A00DE396A /* ViewController.h */ = {isa = PBXFileReference; lastKnownFileType = sourcecode.c.h; path = ViewController.h; sourceTree = "<group>"; };
		788535A51AF0750A00DE396A /* ViewController.m */ = {isa = PBXFileReference; lastKnownFileType = sourcecode.c.objc; path = ViewController.m; sourceTree = "<group>"; };
		788535A81AF0750A00DE396A /* Base */ = {isa = PBXFileReference; lastKnownFileType = file.storyboard; name = Base; path = Base.lproj/Main.storyboard; sourceTree = "<group>"; };
		788535AA1AF0750A00DE396A /* Images.xcassets */ = {isa = PBXFileReference; lastKnownFileType = folder.assetcatalog; path = Images.xcassets; sourceTree = "<group>"; };
		788535AD1AF0750A00DE396A /* Base */ = {isa = PBXFileReference; lastKnownFileType = file.xib; name = Base; path = Base.lproj/LaunchScreen.xib; sourceTree = "<group>"; };
		788535B31AF0750A00DE396A /* EWLabelTests.xctest */ = {isa = PBXFileReference; explicitFileType = wrapper.cfbundle; includeInIndex = 0; path = EWLabelTests.xctest; sourceTree = BUILT_PRODUCTS_DIR; };
		788535B81AF0750A00DE396A /* Info.plist */ = {isa = PBXFileReference; lastKnownFileType = text.plist.xml; path = Info.plist; sourceTree = "<group>"; };
		788535B91AF0750A00DE396A /* EWLabelTests.m */ = {isa = PBXFileReference; lastKnownFileType = sourcecode.c.objc; path = EWLabelTests.m; sourceTree = "<group>"; };
		788535C31AF0752D00DE396A /* EWLabel.h */ = {isa = PBXFileReference; fileEncoding = 4; lastKnownFileType = sourcecode.c.h; path = EWLabel.h; sourceTree = "<group>"; };
		788535C41AF0752D00DE396A /* EWLabel.m */ = {isa = PBXFileReference; fileEncoding = 4; lastKnownFileType = sourcecode.c.objc; path = EWLabel.m; sourceTree = "<group>"; };
/* End PBXFileReference section */

/* Begin PBXFrameworksBuildPhase section */
		788535971AF0750A00DE396A /* Frameworks */ = {
			isa = PBXFrameworksBuildPhase;
			buildActionMask = 2147483647;
			files = (
			);
			runOnlyForDeploymentPostprocessing = 0;
		};
		788535B01AF0750A00DE396A /* Frameworks */ = {
			isa = PBXFrameworksBuildPhase;
			buildActionMask = 2147483647;
			files = (
			);
			runOnlyForDeploymentPostprocessing = 0;
		};
/* End PBXFrameworksBuildPhase section */

/* Begin PBXGroup section */
		788535911AF0750A00DE396A = {
			isa = PBXGroup;
			children = (
				7885359C1AF0750A00DE396A /* EWLabel */,
				788535B61AF0750A00DE396A /* EWLabelTests */,
				7885359B1AF0750A00DE396A /* Products */,
			);
			sourceTree = "<group>";
		};
		7885359B1AF0750A00DE396A /* Products */ = {
			isa = PBXGroup;
			children = (
				7885359A1AF0750A00DE396A /* EWLabel.app */,
				788535B31AF0750A00DE396A /* EWLabelTests.xctest */,
			);
			name = Products;
			sourceTree = "<group>";
		};
		7885359C1AF0750A00DE396A /* EWLabel */ = {
			isa = PBXGroup;
			children = (
				788535C61AF0753C00DE396A /* EWLabel */,
				788535A11AF0750A00DE396A /* AppDelegate.h */,
				788535A21AF0750A00DE396A /* AppDelegate.m */,
				788535A41AF0750A00DE396A /* ViewController.h */,
				788535A51AF0750A00DE396A /* ViewController.m */,
				788535A71AF0750A00DE396A /* Main.storyboard */,
				788535AA1AF0750A00DE396A /* Images.xcassets */,
				788535AC1AF0750A00DE396A /* LaunchScreen.xib */,
				7885359D1AF0750A00DE396A /* Supporting Files */,
			);
			path = EWLabel;
			sourceTree = "<group>";
		};
		7885359D1AF0750A00DE396A /* Supporting Files */ = {
			isa = PBXGroup;
			children = (
				7885359E1AF0750A00DE396A /* Info.plist */,
				7885359F1AF0750A00DE396A /* main.m */,
			);
			name = "Supporting Files";
			sourceTree = "<group>";
		};
		788535B61AF0750A00DE396A /* EWLabelTests */ = {
			isa = PBXGroup;
			children = (
				788535B91AF0750A00DE396A /* EWLabelTests.m */,
				788535B71AF0750A00DE396A /* Supporting Files */,
			);
			path = EWLabelTests;
			sourceTree = "<group>";
		};
		788535B71AF0750A00DE396A /* Supporting Files */ = {
			isa = PBXGroup;
			children = (
				788535B81AF0750A00DE396A /* Info.plist */,
			);
			name = "Supporting Files";
			sourceTree = "<group>";
		};
		788535C61AF0753C00DE396A /* EWLabel */ = {
			isa = PBXGroup;
			children = (
				788535C31AF0752D00DE396A /* EWLabel.h */,
				788535C41AF0752D00DE396A /* EWLabel.m */,
			);
			name = EWLabel;
			sourceTree = "<group>";
		};
/* End PBXGroup section */

/* Begin PBXNativeTarget section */
		788535991AF0750A00DE396A /* EWLabel */ = {
			isa = PBXNativeTarget;
			buildConfigurationList = 788535BD1AF0750A00DE396A /* Build configuration list for PBXNativeTarget "EWLabel" */;
			buildPhases = (
				788535961AF0750A00DE396A /* Sources */,
				788535971AF0750A00DE396A /* Frameworks */,
				788535981AF0750A00DE396A /* Resources */,
			);
			buildRules = (
			);
			dependencies = (
			);
			name = EWLabel;
			productName = EWLabel;
			productReference = 7885359A1AF0750A00DE396A /* EWLabel.app */;
			productType = "com.apple.product-type.application";
		};
		788535B21AF0750A00DE396A /* EWLabelTests */ = {
			isa = PBXNativeTarget;
			buildConfigurationList = 788535C01AF0750A00DE396A /* Build configuration list for PBXNativeTarget "EWLabelTests" */;
			buildPhases = (
				788535AF1AF0750A00DE396A /* Sources */,
				788535B01AF0750A00DE396A /* Frameworks */,
				788535B11AF0750A00DE396A /* Resources */,
			);
			buildRules = (
			);
			dependencies = (
				788535B51AF0750A00DE396A /* PBXTargetDependency */,
			);
			name = EWLabelTests;
			productName = EWLabelTests;
			productReference = 788535B31AF0750A00DE396A /* EWLabelTests.xctest */;
			productType = "com.apple.product-type.bundle.unit-test";
		};
/* End PBXNativeTarget section */

/* Begin PBXProject section */
		788535921AF0750A00DE396A /* Project object */ = {
			isa = PBXProject;
			attributes = {
				LastUpgradeCheck = 0620;
				ORGANIZATIONNAME = etiantian;
				TargetAttributes = {
					788535991AF0750A00DE396A = {
						CreatedOnToolsVersion = 6.2;
					};
					788535B21AF0750A00DE396A = {
						CreatedOnToolsVersion = 6.2;
						TestTargetID = 788535991AF0750A00DE396A;
					};
				};
			};
			buildConfigurationList = 788535951AF0750A00DE396A /* Build configuration list for PBXProject "EWLabel" */;
			compatibilityVersion = "Xcode 3.2";
			developmentRegion = English;
			hasScannedForEncodings = 0;
			knownRegions = (
				en,
				Base,
			);
			mainGroup = 788535911AF0750A00DE396A;
			productRefGroup = 7885359B1AF0750A00DE396A /* Products */;
			projectDirPath = "";
			projectRoot = "";
			targets = (
				788535991AF0750A00DE396A /* EWLabel */,
				788535B21AF0750A00DE396A /* EWLabelTests */,
			);
		};
/* End PBXProject section */

/* Begin PBXResourcesBuildPhase section */
		788535981AF0750A00DE396A /* Resources */ = {
			isa = PBXResourcesBuildPhase;
			buildActionMask = 2147483647;
			files = (
				788535A91AF0750A00DE396A /* Main.storyboard in Resources */,
				788535AE1AF0750A00DE396A /* LaunchScreen.xib in Resources */,
				788535AB1AF0750A00DE396A /* Images.xcassets in Resources */,
			);
			runOnlyForDeploymentPostprocessing = 0;
		};
		788535B11AF0750A00DE396A /* Resources */ = {
			isa = PBXResourcesBuildPhase;
			buildActionMask = 2147483647;
			files = (
			);
			runOnlyForDeploymentPostprocessing = 0;
		};
/* End PBXResourcesBuildPhase section */

/* Begin PBXSourcesBuildPhase section */
		788535961AF0750A00DE396A /* Sources */ = {
			isa = PBXSourcesBuildPhase;
			buildActionMask = 2147483647;
			files = (
				788535C51AF0752D00DE396A /* EWLabel.m in Sources */,
				788535A61AF0750A00DE396A /* ViewController.m in Sources */,
				788535A31AF0750A00DE396A /* AppDelegate.m in Sources */,
				788535A01AF0750A00DE396A /* main.m in Sources */,
			);
			runOnlyForDeploymentPostprocessing = 0;
		};
		788535AF1AF0750A00DE396A /* Sources */ = {
			isa = PBXSourcesBuildPhase;
			buildActionMask = 2147483647;
			files = (
				788535BA1AF0750A00DE396A /* EWLabelTests.m in Sources */,
			);
			runOnlyForDeploymentPostprocessing = 0;
		};
/* End PBXSourcesBuildPhase section */

/* Begin PBXTargetDependency section */
		788535B51AF0750A00DE396A /* PBXTargetDependency */ = {
			isa = PBXTargetDependency;
			target = 788535991AF0750A00DE396A /* EWLabel */;
			targetProxy = 788535B41AF0750A00DE396A /* PBXContainerItemProxy */;
		};
/* End PBXTargetDependency section */

/* Begin PBXVariantGroup section */
		788535A71AF0750A00DE396A /* Main.storyboard */ = {
			isa = PBXVariantGroup;
			children = (
				788535A81AF0750A00DE396A /* Base */,
			);
			name = Main.storyboard;
			sourceTree = "<group>";
		};
		788535AC1AF0750A00DE396A /* LaunchScreen.xib */ = {
			isa = PBXVariantGroup;
			children = (
				788535AD1AF0750A00DE396A /* Base */,
			);
			name = LaunchScreen.xib;
			sourceTree = "<group>";
		};
/* End PBXVariantGroup section */

/* Begin XCBuildConfiguration section */
		788535BB1AF0750A00DE396A /* Debug */ = {
			isa = XCBuildConfiguration;
			buildSettings = {
				ALWAYS_SEARCH_USER_PATHS = NO;
				CLANG_CXX_LANGUAGE_STANDARD = "gnu++0x";
				CLANG_CXX_LIBRARY = "libc++";
				CLANG_ENABLE_MODULES = YES;
				CLANG_ENABLE_OBJC_ARC = YES;
				CLANG_WARN_BOOL_CONVERSION = YES;
				CLANG_WARN_CONSTANT_CONVERSION = YES;
				CLANG_WARN_DIRECT_OBJC_ISA_USAGE = YES_ERROR;
				CLANG_WARN_EMPTY_BODY = YES;
				CLANG_WARN_ENUM_CONVERSION = YES;
				CLANG_WARN_INT_CONVERSION = YES;
				CLANG_WARN_OBJC_ROOT_CLASS = YES_ERROR;
				CLANG_WARN_UNREACHABLE_CODE = YES;
				CLANG_WARN__DUPLICATE_METHOD_MATCH = YES;
				"CODE_SIGN_IDENTITY[sdk=iphoneos*]" = "iPhone Developer";
				COPY_PHASE_STRIP = NO;
				ENABLE_STRICT_OBJC_MSGSEND = YES;
				GCC_C_LANGUAGE_STANDARD = gnu99;
				GCC_DYNAMIC_NO_PIC = NO;
				GCC_OPTIMIZATION_LEVEL = 0;
				GCC_PREPROCESSOR_DEFINITIONS = (
					"DEBUG=1",
					"$(inherited)",
				);
				GCC_SYMBOLS_PRIVATE_EXTERN = NO;
				GCC_WARN_64_TO_32_BIT_CONVERSION = YES;
				GCC_WARN_ABOUT_RETURN_TYPE = YES_ERROR;
				GCC_WARN_UNDECLARED_SELECTOR = YES;
				GCC_WARN_UNINITIALIZED_AUTOS = YES_AGGRESSIVE;
				GCC_WARN_UNUSED_FUNCTION = YES;
				GCC_WARN_UNUSED_VARIABLE = YES;
				IPHONEOS_DEPLOYMENT_TARGET = 8.2;
				MTL_ENABLE_DEBUG_INFO = YES;
				ONLY_ACTIVE_ARCH = YES;
				SDKROOT = iphoneos;
			};
			name = Debug;
		};
		788535BC1AF0750A00DE396A /* Release */ = {
			isa = XCBuildConfiguration;
			buildSettings = {
				ALWAYS_SEARCH_USER_PATHS = NO;
				CLANG_CXX_LANGUAGE_STANDARD = "gnu++0x";
				CLANG_CXX_LIBRARY = "libc++";
				CLANG_ENABLE_MODULES = YES;
				CLANG_ENABLE_OBJC_ARC = YES;
				CLANG_WARN_BOOL_CONVERSION = YES;
				CLANG_WARN_CONSTANT_CONVERSION = YES;
				CLANG_WARN_DIRECT_OBJC_ISA_USAGE = YES_ERROR;
				CLANG_WARN_EMPTY_BODY = YES;
				CLANG_WARN_ENUM_CONVERSION = YES;
				CLANG_WARN_INT_CONVERSION = YES;
				CLANG_WARN_OBJC_ROOT_CLASS = YES_ERROR;
				CLANG_WARN_UNREACHABLE_CODE = YES;
				CLANG_WARN__DUPLICATE_METHOD_MATCH = YES;
				"CODE_SIGN_IDENTITY[sdk=iphoneos*]" = "iPhone Developer";
				COPY_PHASE_STRIP = NO;
				ENABLE_NS_ASSERTIONS = NO;
				ENABLE_STRICT_OBJC_MSGSEND = YES;
				GCC_C_LANGUAGE_STANDARD = gnu99;
				GCC_WARN_64_TO_32_BIT_CONVERSION = YES;
				GCC_WARN_ABOUT_RETURN_TYPE = YES_ERROR;
				GCC_WARN_UNDECLARED_SELECTOR = YES;
				GCC_WARN_UNINITIALIZED_AUTOS = YES_AGGRESSIVE;
				GCC_WARN_UNUSED_FUNCTION = YES;
				GCC_WARN_UNUSED_VARIABLE = YES;
				IPHONEOS_DEPLOYMENT_TARGET = 8.2;
				MTL_ENABLE_DEBUG_INFO = NO;
				SDKROOT = iphoneos;
				VALIDATE_PRODUCT = YES;
			};
			name = Release;
		};
		788535BE1AF0750A00DE396A /* Debug */ = {
			isa = XCBuildConfiguration;
			buildSettings = {
				ASSETCATALOG_COMPILER_APPICON_NAME = AppIcon;
				INFOPLIST_FILE = EWLabel/Info.plist;
				LD_RUNPATH_SEARCH_PATHS = "$(inherited) @executable_path/Frameworks";
				PRODUCT_NAME = "$(TARGET_NAME)";
			};
			name = Debug;
		};
		788535BF1AF0750A00DE396A /* Release */ = {
			isa = XCBuildConfiguration;
			buildSettings = {
				ASSETCATALOG_COMPILER_APPICON_NAME = AppIcon;
				INFOPLIST_FILE = EWLabel/Info.plist;
				LD_RUNPATH_SEARCH_PATHS = "$(inherited) @executable_path/Frameworks";
				PRODUCT_NAME = "$(TARGET_NAME)";
			};
			name = Release;
		};
		788535C11AF0750A00DE396A /* Debug */ = {
			isa = XCBuildConfiguration;
			buildSettings = {
				BUNDLE_LOADER = "$(TEST_HOST)";
				FRAMEWORK_SEARCH_PATHS = (
					"$(SDKROOT)/Developer/Library/Frameworks",
					"$(inherited)",
				);
				GCC_PREPROCESSOR_DEFINITIONS = (
					"DEBUG=1",
					"$(inherited)",
				);
				INFOPLIST_FILE = EWLabelTests/Info.plist;
				LD_RUNPATH_SEARCH_PATHS = "$(inherited) @executable_path/Frameworks @loader_path/Frameworks";
				PRODUCT_NAME = "$(TARGET_NAME)";
				TEST_HOST = "$(BUILT_PRODUCTS_DIR)/EWLabel.app/EWLabel";
			};
			name = Debug;
		};
		788535C21AF0750A00DE396A /* Release */ = {
			isa = XCBuildConfiguration;
			buildSettings = {
				BUNDLE_LOADER = "$(TEST_HOST)";
				FRAMEWORK_SEARCH_PATHS = (
					"$(SDKROOT)/Developer/Library/Frameworks",
					"$(inherited)",
				);
				INFOPLIST_FILE = EWLabelTests/Info.plist;
				LD_RUNPATH_SEARCH_PATHS = "$(inherited) @executable_path/Frameworks @loader_path/Frameworks";
				PRODUCT_NAME = "$(TARGET_NAME)";
				TEST_HOST = "$(BUILT_PRODUCTS_DIR)/EWLabel.app/EWLabel";
			};
			name = Release;
		};
/* End XCBuildConfiguration section */

/* Begin XCConfigurationList section */
		788535951AF0750A00DE396A /* Build configuration list for PBXProject "EWLabel" */ = {
			isa = XCConfigurationList;
			buildConfigurations = (
				788535BB1AF0750A00DE396A /* Debug */,
				788535BC1AF0750A00DE396A /* Release */,
			);
			defaultConfigurationIsVisible = 0;
			defaultConfigurationName = Release;
		};
		788535BD1AF0750A00DE396A /* Build configuration list for PBXNativeTarget "EWLabel" */ = {
			isa = XCConfigurationList;
			buildConfigurations = (
				788535BE1AF0750A00DE396A /* Debug */,
				788535BF1AF0750A00DE396A /* Release */,
			);
			defaultConfigurationIsVisible = 0;
		};
		788535C01AF0750A00DE396A /* Build configuration list for PBXNativeTarget "EWLabelTests" */ = {
			isa = XCConfigurationList;
			buildConfigurations = (
				788535C11AF0750A00DE396A /* Debug */,
				788535C21AF0750A00DE396A /* Release */,
			);
			defaultConfigurationIsVisible = 0;
		};
/* End XCConfigurationList section */
	};
	rootObject = 788535921AF0750A00DE396A /* Project object */;
}
